{
  "name": "board-ui-demos",
  "lockfileVersion": 3,
  "requires": true,
  "packages": {
    "": {
      "name": "board-ui-demos",
      "license": "MIT",
      "dependencies": {
        "chessops": "0.15.1"
      }
    },
    "node_modules/@badrap/result": {
      "version": "0.3.1",
      "resolved": "https://registry.npmjs.org/@badrap/result/-/result-0.3.1.tgz",
      "integrity": "sha512-ECvpsyZYknoRD0peG1K+UkX5llld3TyK1Ot9Cq2epSoWK19nyzpGKVl98sadSmohu5wHNuiDl+Ex9SVdcIjiFg==",
      "license": "MIT",
      "engines": {
        "node": ">= 22"
      }
    },
    "node_modules/chessops": {
      "version": "0.15.1",
      "resolved": "https://registry.npmjs.org/chessops/-/chessops-0.15.1.tgz",
      "integrity": "sha512-hQDwv90AFkrPEsRJBebh3ZE+xDga25TCCv4lavNT2plZmd33UKNFYaZsE+7rafMbnBRrDEWUVsSYFqY3qCIGZw==",
      "license": "GPL-3.0-or-later",
      "dependencies": {
        "@badrap/result": "^0.3"
      },
      "funding": {
        "url": "https://github.com/sponsors/niklasf"
      }
    }
  }
}
